
Microsoft Visual Studio Solution File, Format Version 12.00
# Visual Studio 15
VisualStudioVersion = 15.0.28010.2016
MinimumVisualStudioVersion = 10.0.40219.1
Project("{8BC9CEB8-8B4A-11D0-8D11-00A0C91BC942}") = "LagrangianDescriptor", "LagrangianDescriptor\LagrangianDescriptor.vcxproj", "{623A2E97-F016-4BF7-9E29-7DBA7A9A76C8}"
EndProject
Project("{8BC9CEB8-8B4A-11D0-8D11-00A0C91BC942}") = "PointCareMap", "PointCareMap\PointCareMap.vcxproj", "{5CD1EB4B-981C-4F14-A6A3-35BB6919B4EA}"
EndProject
Global
	GlobalSection(SolutionConfigurationPlatforms) = preSolution
		Debug|ARM = Debug|ARM
		Debug|ARM64 = Debug|ARM64
		Debug|x64 = Debug|x64
		Debug|x86 = Debug|x86
		Release|ARM = Release|ARM
		Release|ARM64 = Release|ARM64
		Release|x64 = Release|x64
		Release|x86 = Release|x86
	EndGlobalSection
	GlobalSection(ProjectConfigurationPlatforms) = postSolution
		{623A2E97-F016-4BF7-9E29-7DBA7A9A76C8}.Debug|ARM.ActiveCfg = Debug|ARM
		{623A2E97-F016-4BF7-9E29-7DBA7A9A76C8}.Debug|ARM.Build.0 = Debug|ARM
		{623A2E97-F016-4BF7-9E29-7DBA7A9A76C8}.Debug|ARM64.ActiveCfg = Debug|ARM64
		{623A2E97-F016-4BF7-9E29-7DBA7A9A76C8}.Debug|ARM64.Build.0 = Debug|ARM64
		{623A2E97-F016-4BF7-9E29-7DBA7A9A76C8}.Debug|x64.ActiveCfg = Debug|x64
		{623A2E97-F016-4BF7-9E29-7DBA7A9A76C8}.Debug|x64.Build.0 = Debug|x64
		{623A2E97-F016-4BF7-9E29-7DBA7A9A76C8}.Debug|x86.ActiveCfg = Debug|x86
		{623A2E97-F016-4BF7-9E29-7DBA7A9A76C8}.Debug|x86.Build.0 = Debug|x86
		{623A2E97-F016-4BF7-9E29-7DBA7A9A76C8}.Release|ARM.ActiveCfg = Release|ARM
		{623A2E97-F016-4BF7-9E29-7DBA7A9A76C8}.Release|ARM.Build.0 = Release|ARM
		{623A2E97-F016-4BF7-9E29-7DBA7A9A76C8}.Release|ARM64.ActiveCfg = Release|ARM64
		{623A2E97-F016-4BF7-9E29-7DBA7A9A76C8}.Release|ARM64.Build.0 = Release|ARM64
		{623A2E97-F016-4BF7-9E29-7DBA7A9A76C8}.Release|x64.ActiveCfg = Release|x64
		{623A2E97-F016-4BF7-9E29-7DBA7A9A76C8}.Release|x64.Build.0 = Release|x64
		{623A2E97-F016-4BF7-9E29-7DBA7A9A76C8}.Release|x86.ActiveCfg = Release|x86
		{623A2E97-F016-4BF7-9E29-7DBA7A9A76C8}.Release|x86.Build.0 = Release|x86
		{5CD1EB4B-981C-4F14-A6A3-35BB6919B4EA}.Debug|ARM.ActiveCfg = Debug|ARM
		{5CD1EB4B-981C-4F14-A6A3-35BB6919B4EA}.Debug|ARM.Build.0 = Debug|ARM
		{5CD1EB4B-981C-4F14-A6A3-35BB6919B4EA}.Debug|ARM64.ActiveCfg = Debug|ARM64
		{5CD1EB4B-981C-4F14-A6A3-35BB6919B4EA}.Debug|ARM64.Build.0 = Debug|ARM64
		{5CD1EB4B-981C-4F14-A6A3-35BB6919B4EA}.Debug|x64.ActiveCfg = Debug|x64
		{5CD1EB4B-981C-4F14-A6A3-35BB6919B4EA}.Debug|x64.Build.0 = Debug|x64
		{5CD1EB4B-981C-4F14-A6A3-35BB6919B4EA}.Debug|x86.ActiveCfg = Debug|x86
		{5CD1EB4B-981C-4F14-A6A3-35BB6919B4EA}.Debug|x86.Build.0 = Debug|x86
		{5CD1EB4B-981C-4F14-A6A3-35BB6919B4EA}.Release|ARM.ActiveCfg = Release|ARM
		{5CD1EB4B-981C-4F14-A6A3-35BB6919B4EA}.Release|ARM.Build.0 = Release|ARM
		{5CD1EB4B-981C-4F14-A6A3-35BB6919B4EA}.Release|ARM64.ActiveCfg = Release|ARM64
		{5CD1EB4B-981C-4F14-A6A3-35BB6919B4EA}.Release|ARM64.Build.0 = Release|ARM64
		{5CD1EB4B-981C-4F14-A6A3-35BB6919B4EA}.Release|x64.ActiveCfg = Release|x64
		{5CD1EB4B-981C-4F14-A6A3-35BB6919B4EA}.Release|x64.Build.0 = Release|x64
		{5CD1EB4B-981C-4F14-A6A3-35BB6919B4EA}.Release|x86.ActiveCfg = Release|x86
		{5CD1EB4B-981C-4F14-A6A3-35BB6919B4EA}.Release|x86.Build.0 = Release|x86
	EndGlobalSection
	GlobalSection(SolutionProperties) = preSolution
		HideSolutionNode = FALSE
	EndGlobalSection
	GlobalSection(ExtensibilityGlobals) = postSolution
		SolutionGuid = {CD6F6AF5-3465-4C3F-975E-C54A4125EB67}
	EndGlobalSection
EndGlobal
